// !$*UTF8*$!
{
	archiveVersion = 1;
	classes = {
	};
	objectVersion = 50;
	objects = {

/* Begin PBXBuildFile section */
		7AEE363322EFDB3100C2932F /* AppDelegate.swift in Sources */ = {isa = PBXBuildFile; fileRef = 7AEE363222EFDB3100C2932F /* AppDelegate.swift */; };
		7AEE363522EFDB3100C2932F /* ViewController.swift in Sources */ = {isa = PBXBuildFile; fileRef = 7AEE363422EFDB3100C2932F /* ViewController.swift */; };
		7AEE363822EFDB3200C2932F /* Main.storyboard in Resources */ = {isa = PBXBuildFile; fileRef = 7AEE363622EFDB3100C2932F /* Main.storyboard */; };
		7AEE363A22EFDB3500C2932F /* Assets.xcassets in Resources */ = {isa = PBXBuildFile; fileRef = 7AEE363922EFDB3500C2932F /* Assets.xcassets */; };
		7AEE363D22EFDB3500C2932F /* LaunchScreen.storyboard in Resources */ = {isa = PBXBuildFile; fileRef = 7AEE363B22EFDB3500C2932F /* LaunchScreen.storyboard */; };
		7AEE364522EFDD0B00C2932F /* eine.mp3 in Resources */ = {isa = PBXBuildFile; fileRef = 7AEE364422EFDD0B00C2932F /* eine.mp3 */; };
/* End PBXBuildFile section */

/* Begin PBXFileReference section */
		7AEE362F22EFDB3100C2932F /* PlayMusicTest.app */ = {isa = PBXFileReference; explicitFileType = wrapper.application; includeInIndex = 0; path = PlayMusicTest.app; sourceTree = BUILT_PRODUCTS_DIR; };
		7AEE363222EFDB3100C2932F /* AppDelegate.swift */ = {isa = PBXFileReference; lastKnownFileType = sourcecode.swift; path = AppDelegate.swift; sourceTree = "<group>"; };
		7AEE363422EFDB3100C2932F /* ViewController.swift */ = {isa = PBXFileReference; lastKnownFileType = sourcecode.swift; path = ViewController.swift; sourceTree = "<group>"; };
		7AEE363722EFDB3100C2932F /* Base */ = {isa = PBXFileReference; lastKnownFileType = file.storyboard; name = Base; path = Base.lproj/Main.storyboard; sourceTree = "<group>"; };
		7AEE363922EFDB3500C2932F /* Assets.xcassets */ = {isa = PBXFileReference; lastKnownFileType = folder.assetcatalog; path = Assets.xcassets; sourceTree = "<group>"; };
		7AEE363C22EFDB3500C2932F /* Base */ = {isa = PBXFileReference; lastKnownFileType = file.storyboard; name = Base; path = Base.lproj/LaunchScreen.storyboard; sourceTree = "<group>"; };
		7AEE363E22EFDB3500C2932F /* Info.plist */ = {isa = PBXFileReference; lastKnownFileType = text.plist.xml; path = Info.plist; sourceTree = "<group>"; };
		7AEE364422EFDD0B00C2932F /* eine.mp3 */ = {isa = PBXFileReference; lastKnownFileType = audio.mp3; path = eine.mp3; sourceTree = SOURCE_ROOT; };
/* End PBXFileReference section */

/* Begin PBXFrameworksBuildPhase section */
		7AEE362C22EFDB3100C2932F /* Frameworks */ = {
			isa = PBXFrameworksBuildPhase;
			buildActionMask = 2147483647;
			files = (
			);
			runOnlyForDeploymentPostprocessing = 0;
		};
/* End PBXFrameworksBuildPhase section */

/* Begin PBXGroup section */
		7AEE362622EFDB3100C2932F = {
			isa = PBXGroup;
			children = (
				7AEE363122EFDB3100C2932F /* PlayMusicTest */,
				7AEE363022EFDB3100C2932F /* Products */,
			);
			sourceTree = "<group>";
		};
		7AEE363022EFDB3100C2932F /* Products */ = {
			isa = PBXGroup;
			children = (
				7AEE362F22EFDB3100C2932F /* PlayMusicTest.app */,
			);
			name = Products;
			sourceTree = "<group>";
		};
		7AEE363122EFDB3100C2932F /* PlayMusicTest */ = {
			isa = PBXGroup;
			children = (
				7AEE363222EFDB3100C2932F /* AppDelegate.swift */,
				7AEE363422EFDB3100C2932F /* ViewController.swift */,
				7AEE363622EFDB3100C2932F /* Main.storyboard */,
				7AEE364422EFDD0B00C2932F /* eine.mp3 */,
				7AEE363922EFDB3500C2932F /* Assets.xcassets */,
				7AEE363B22EFDB3500C2932F /* LaunchScreen.storyboard */,
				7AEE363E22EFDB3500C2932F /* Info.plist */,
			);
			path = PlayMusicTest;
			sourceTree = "<group>";
		};
/* End PBXGroup section */

/* Begin PBXNativeTarget section */
		7AEE362E22EFDB3100C2932F /* PlayMusicTest */ = {
			isa = PBXNativeTarget;
			buildConfigurationList = 7AEE364122EFDB3500C2932F /* Build configuration list for PBXNativeTarget "PlayMusicTest" */;
			buildPhases = (
				7AEE362B22EFDB3100C2932F /* Sources */,
				7AEE362C22EFDB3100C2932F /* Frameworks */,
				7AEE362D22EFDB3100C2932F /* Resources */,
			);
			buildRules = (
			);
			dependencies = (
			);
			name = PlayMusicTest;
			productName = PlayMusicTest;
			productReference = 7AEE362F22EFDB3100C2932F /* PlayMusicTest.app */;
			productType = "com.apple.product-type.application";
		};
/* End PBXNativeTarget section */

/* Begin PBXProject section */
		7AEE362722EFDB3100C2932F /* Project object */ = {
			isa = PBXProject;
			attributes = {
				LastSwiftUpdateCheck = 1030;
				LastUpgradeCheck = 1030;
				ORGANIZATIONNAME = "Kazuma Hatada";
				TargetAttributes = {
					7AEE362E22EFDB3100C2932F = {
						CreatedOnToolsVersion = 10.3;
					};
				};
			};
			buildConfigurationList = 7AEE362A22EFDB3100C2932F /* Build configuration list for PBXProject "PlayMusicTest" */;
			compatibilityVersion = "Xcode 9.3";
			developmentRegion = en;
			hasScannedForEncodings = 0;
			knownRegions = (
				en,
				Base,
			);
			mainGroup = 7AEE362622EFDB3100C2932F;
			productRefGroup = 7AEE363022EFDB3100C2932F /* Products */;
			projectDirPath = "";
			projectRoot = "";
			targets = (
				7AEE362E22EFDB3100C2932F /* PlayMusicTest */,
			);
		};
/* End PBXProject section */

/* Begin PBXResourcesBuildPhase section */
		7AEE362D22EFDB3100C2932F /* Resources */ = {
			isa = PBXResourcesBuildPhase;
			buildActionMask = 2147483647;
			files = (
				7AEE363D22EFDB3500C2932F /* LaunchScreen.storyboard in Resources */,
				7AEE363A22EFDB3500C2932F /* Assets.xcassets in Resources */,
				7AEE363822EFDB3200C2932F /* Main.storyboard in Resources */,
				7AEE364522EFDD0B00C2932F /* eine.mp3 in Resources */,
			);
			runOnlyForDeploymentPostprocessing = 0;
		};
/* End PBXResourcesBuildPhase section */

/* Begin PBXSourcesBuildPhase section */
		7AEE362B22EFDB3100C2932F /* Sources */ = {
			isa = PBXSourcesBuildPhase;
			buildActionMask = 2147483647;
			files = (
				7AEE363522EFDB3100C2932F /* ViewController.swift in Sources */,
				7AEE363322EFDB3100C2932F /* AppDelegate.swift in Sources */,
			);
			runOnlyForDeploymentPostprocessing = 0;
		};
/* End PBXSourcesBuildPhase section */

/* Begin PBXVariantGroup section */
		7AEE363622EFDB3100C2932F /* Main.storyboard */ = {
			isa = PBXVariantGroup;
			children = (
				7AEE363722EFDB3100C2932F /* Base */,
			);
			name = Main.storyboard;
			sourceTree = "<group>";
		};
		7AEE363B22EFDB3500C2932F /* LaunchScreen.storyboard */ = {
			isa = PBXVariantGroup;
			children = (
				7AEE363C22EFDB3500C2932F /* Base */,
			);
			name = LaunchScreen.storyboard;
			sourceTree = "<group>";
		};
/* End PBXVariantGroup section */

/* Begin XCBuildConfiguration section */
		7AEE363F22EFDB3500C2932F /* Debug */ = {
			isa = XCBuildConfiguration;
			buildSettings = {
				ALWAYS_SEARCH_USER_PATHS = NO;
				CLANG_ANALYZER_NONNULL = YES;
				CLANG_ANALYZER_NUMBER_OBJECT_CONVERSION = YES_AGGRESSIVE;
				CLANG_CXX_LANGUAGE_STANDARD = "gnu++14";
				CLANG_CXX_LIBRARY = "libc++";
				CLANG_ENABLE_MODULES = YES;
				CLANG_ENABLE_OBJC_ARC = YES;
				CLANG_ENABLE_OBJC_WEAK = YES;
				CLANG_WARN_BLOCK_CAPTURE_AUTORELEASING = YES;
				CLANG_WARN_BOOL_CONVERSION = YES;
				CLANG_WARN_COMMA = YES;
				CLANG_WARN_CONSTANT_CONVERSION = YES;
				CLANG_WARN_DEPRECATED_OBJC_IMPLEMENTATIONS = YES;
				CLANG_WARN_DIRECT_OBJC_ISA_USAGE = YES_ERROR;
				CLANG_WARN_DOCUMENTATION_COMMENTS = YES;
				CLANG_WARN_EMPTY_BODY = YES;
				CLANG_WARN_ENUM_CONVERSION = YES;
				CLANG_WARN_INFINITE_RECURSION = YES;
				CLANG_WARN_INT_CONVERSION = YES;
				CLANG_WARN_NON_LITERAL_NULL_CONVERSION = YES;
				CLANG_WARN_OBJC_IMPLICIT_RETAIN_SELF = YES;
				CLANG_WARN_OBJC_LITERAL_CONVERSION = YES;
				CLANG_WARN_OBJC_ROOT_CLASS = YES_ERROR;
				CLANG_WARN_RANGE_LOOP_ANALYSIS = YES;
				CLANG_WARN_STRICT_PROTOTYPES = YES;
				CLANG_WARN_SUSPICIOUS_MOVE = YES;
				CLANG_WARN_UNGUARDED_AVAILABILITY = YES_AGGRESSIVE;
				CLANG_WARN_UNREACHABLE_CODE = YES;
				CLANG_WARN__DUPLICATE_METHOD_MATCH = YES;
				CODE_SIGN_IDENTITY = "iPhone Developer";
				COPY_PHASE_STRIP = NO;
				DEBUG_INFORMATION_FORMAT = dwarf;
				ENABLE_STRICT_OBJC_MSGSEND = YES;
				ENABLE_TESTABILITY = YES;
				GCC_C_LANGUAGE_STANDARD = gnu11;
				GCC_DYNAMIC_NO_PIC = NO;
				GCC_NO_COMMON_BLOCKS = YES;
				GCC_OPTIMIZATION_LEVEL = 0;
				GCC_PREPROCESSOR_DEFINITIONS = (
					"DEBUG=1",
					"$(inherited)",
				);
				GCC_WARN_64_TO_32_BIT_CONVERSION = YES;
				GCC_WARN_ABOUT_RETURN_TYPE = YES_ERROR;
				GCC_WARN_UNDECLARED_SELECTOR = YES;
				GCC_WARN_UNINITIALIZED_AUTOS = YES_AGGRESSIVE;
				GCC_WARN_UNUSED_FUNCTION = YES;
				GCC_WARN_UNUSED_VARIABLE = YES;
				IPHONEOS_DEPLOYMENT_TARGET = 12.4;
				MTL_ENABLE_DEBUG_INFO = INCLUDE_SOURCE;
				MTL_FAST_MATH = YES;
				ONLY_ACTIVE_ARCH = YES;
				SDKROOT = iphoneos;
				SWIFT_ACTIVE_COMPILATION_CONDITIONS = DEBUG;
				SWIFT_OPTIMIZATION_LEVEL = "-Onone";
			};
			name = Debug;
		};
		7AEE364022EFDB3500C2932F /* Release */ = {
			isa = XCBuildConfiguration;
			buildSettings = {
				ALWAYS_SEARCH_USER_PATHS = NO;
				CLANG_ANALYZER_NONNULL = YES;
				CLANG_ANALYZER_NUMBER_OBJECT_CONVERSION = YES_AGGRESSIVE;
				CLANG_CXX_LANGUAGE_STANDARD = "gnu++14";
				CLANG_CXX_LIBRARY = "libc++";
				CLANG_ENABLE_MODULES = YES;
				CLANG_ENABLE_OBJC_ARC = YES;
				CLANG_ENABLE_OBJC_WEAK = YES;
				CLANG_WARN_BLOCK_CAPTURE_AUTORELEASING = YES;
				CLANG_WARN_BOOL_CONVERSION = YES;
				CLANG_WARN_COMMA = YES;
				CLANG_WARN_CONSTANT_CONVERSION = YES;
				CLANG_WARN_DEPRECATED_OBJC_IMPLEMENTATIONS = YES;
				CLANG_WARN_DIRECT_OBJC_ISA_USAGE = YES_ERROR;
				CLANG_WARN_DOCUMENTATION_COMMENTS = YES;
				CLANG_WARN_EMPTY_BODY = YES;
				CLANG_WARN_ENUM_CONVERSION = YES;
				CLANG_WARN_INFINITE_RECURSION = YES;
				CLANG_WARN_INT_CONVERSION = YES;
				CLANG_WARN_NON_LITERAL_NULL_CONVERSION = YES;
				CLANG_WARN_OBJC_IMPLICIT_RETAIN_SELF = YES;
				CLANG_WARN_OBJC_LITERAL_CONVERSION = YES;
				CLANG_WARN_OBJC_ROOT_CLASS = YES_ERROR;
				CLANG_WARN_RANGE_LOOP_ANALYSIS = YES;
				CLANG_WARN_STRICT_PROTOTYPES = YES;
				CLANG_WARN_SUSPICIOUS_MOVE = YES;
				CLANG_WARN_UNGUARDED_AVAILABILITY = YES_AGGRESSIVE;
				CLANG_WARN_UNREACHABLE_CODE = YES;
				CLANG_WARN__DUPLICATE_METHOD_MATCH = YES;
				CODE_SIGN_IDENTITY = "iPhone Developer";
				COPY_PHASE_STRIP = NO;
				DEBUG_INFORMATION_FORMAT = "dwarf-with-dsym";
				ENABLE_NS_ASSERTIONS = NO;
				ENABLE_STRICT_OBJC_MSGSEND = YES;
				GCC_C_LANGUAGE_STANDARD = gnu11;
				GCC_NO_COMMON_BLOCKS = YES;
				GCC_WARN_64_TO_32_BIT_CONVERSION = YES;
				GCC_WARN_ABOUT_RETURN_TYPE = YES_ERROR;
				GCC_WARN_UNDECLARED_SELECTOR = YES;
				GCC_WARN_UNINITIALIZED_AUTOS = YES_AGGRESSIVE;
				GCC_WARN_UNUSED_FUNCTION = YES;
				GCC_WARN_UNUSED_VARIABLE = YES;
				IPHONEOS_DEPLOYMENT_TARGET = 12.4;
				MTL_ENABLE_DEBUG_INFO = NO;
				MTL_FAST_MATH = YES;
				SDKROOT = iphoneos;
				SWIFT_COMPILATION_MODE = wholemodule;
				SWIFT_OPTIMIZATION_LEVEL = "-O";
				VALIDATE_PRODUCT = YES;
			};
			name = Release;
		};
		7AEE364222EFDB3500C2932F /* Debug */ = {
			isa = XCBuildConfiguration;
			buildSettings = {
				ASSETCATALOG_COMPILER_APPICON_NAME = AppIcon;
				CODE_SIGN_STYLE = Automatic;
				DEVELOPMENT_TEAM = TY68FF75T5;
				INFOPLIST_FILE = PlayMusicTest/Info.plist;
				LD_RUNPATH_SEARCH_PATHS = (
					"$(inherited)",
					"@executable_path/Frameworks",
				);
				PRODUCT_BUNDLE_IDENTIFIER = "rsh88116-nifty.com.PlayMusicTest";
				PRODUCT_NAME = "$(TARGET_NAME)";
				SWIFT_VERSION = 5.0;
				TARGETED_DEVICE_FAMILY = "1,2";
			};
			name = Debug;
		};
		7AEE364322EFDB3500C2932F /* Release */ = {
			isa = XCBuildConfiguration;
			buildSettings = {
				ASSETCATALOG_COMPILER_APPICON_NAME = AppIcon;
				CODE_SIGN_STYLE = Automatic;
				DEVELOPMENT_TEAM = TY68FF75T5;
				INFOPLIST_FILE = PlayMusicTest/Info.plist;
				LD_RUNPATH_SEARCH_PATHS = (
					"$(inherited)",
					"@executable_path/Frameworks",
				);
				PRODUCT_BUNDLE_IDENTIFIER = "rsh88116-nifty.com.PlayMusicTest";
				PRODUCT_NAME = "$(TARGET_NAME)";
				SWIFT_VERSION = 5.0;
				TARGETED_DEVICE_FAMILY = "1,2";
			};
			name = Release;
		};
/* End XCBuildConfiguration section */

/* Begin XCConfigurationList section */
		7AEE362A22EFDB3100C2932F /* Build configuration list for PBXProject "PlayMusicTest" */ = {
			isa = XCConfigurationList;
			buildConfigurations = (
				7AEE363F22EFDB3500C2932F /* Debug */,
				7AEE364022EFDB3500C2932F /* Release */,
			);
			defaultConfigurationIsVisible = 0;
			defaultConfigurationName = Release;
		};
		7AEE364122EFDB3500C2932F /* Build configuration list for PBXNativeTarget "PlayMusicTest" */ = {
			isa = XCConfigurationList;
			buildConfigurations = (
				7AEE364222EFDB3500C2932F /* Debug */,
				7AEE364322EFDB3500C2932F /* Release */,
			);
			defaultConfigurationIsVisible = 0;
			defaultConfigurationName = Release;
		};
/* End XCConfigurationList section */
	};
	rootObject = 7AEE362722EFDB3100C2932F /* Project object */;
}
